
Microsoft Visual Studio Solution File, Format Version 12.00
# Visual Studio Version 17
VisualStudioVersion = 17.5.002.0
MinimumVisualStudioVersion = 10.0.40219.1
Project("{9A19103F-16F7-4668-BE54-9A1E7A4F7556}") = "OneShotKill", "OneShotKill.csproj", "{DDBEF86F-B120-453E-AD52-9815B2B4EBE0}"
EndProject
Global
	GlobalSection(SolutionConfigurationPlatforms) = preSolution
		Debug|Any CPU = Debug|Any CPU
		Release|Any CPU = Release|Any CPU
	EndGlobalSection
	GlobalSection(ProjectConfigurationPlatforms) = postSolution
		{DDBEF86F-B120-453E-AD52-9815B2B4EBE0}.Debug|Any CPU.ActiveCfg = Debug|Any CPU
		{DDBEF86F-B120-453E-AD52-9815B2B4EBE0}.Debug|Any CPU.Build.0 = Debug|Any CPU
		{DDBEF86F-B120-453E-AD52-9815B2B4EBE0}.Release|Any CPU.ActiveCfg = Release|Any CPU
		{DDBEF86F-B120-453E-AD52-9815B2B4EBE0}.Release|Any CPU.Build.0 = Release|Any CPU
	EndGlobalSection
	GlobalSection(SolutionProperties) = preSolution
		HideSolutionNode = FALSE
	EndGlobalSection
	GlobalSection(ExtensibilityGlobals) = postSolution
		SolutionGuid = {4F67A6D5-8BDF-4CA4-9DC7-2507FC12BBEB}
	EndGlobalSection
EndGlobal
